
Microsoft Visual Studio Solution File, Format Version 12.00
# Visual Studio Version 17
VisualStudioVersion = 17.0.32014.148
MinimumVisualStudioVersion = 10.0.40219.1
Project("{FAE04EC0-301F-11D3-BF4B-00C04F79EFBC}") = "Translate-1", "Translate-1.csproj", "{6424F316-652B-4F1B-AEA0-282AF7AA5CB6}"
EndProject
Global
	GlobalSection(SolutionConfigurationPlatforms) = preSolution
		Debug|Any CPU = Debug|Any CPU
		Release|Any CPU = Release|Any CPU
	EndGlobalSection
	GlobalSection(ProjectConfigurationPlatforms) = postSolution
		{6424F316-652B-4F1B-AEA0-282AF7AA5CB6}.Debug|Any CPU.ActiveCfg = Debug|Any CPU
		{6424F316-652B-4F1B-AEA0-282AF7AA5CB6}.Debug|Any CPU.Build.0 = Debug|Any CPU
		{6424F316-652B-4F1B-AEA0-282AF7AA5CB6}.Release|Any CPU.ActiveCfg = Release|Any CPU
		{6424F316-652B-4F1B-AEA0-282AF7AA5CB6}.Release|Any CPU.Build.0 = Release|Any CPU
	EndGlobalSection
	GlobalSection(SolutionProperties) = preSolution
		HideSolutionNode = FALSE
	EndGlobalSection
	GlobalSection(ExtensibilityGlobals) = postSolution
		SolutionGuid = {868F8E89-E528-4DCA-B7D1-3838053F3E15}
	EndGlobalSection
EndGlobal
